// !$*UTF8*$!
{
	archiveVersion = 1;
	classes = {
	};
	objectVersion = 46;
	objects = {

/* Begin PBXBuildFile section */
		1404DD211DE72B5C00942C81 /* AppDelegate.swift in Sources */ = {isa = PBXBuildFile; fileRef = 1404DD201DE72B5C00942C81 /* AppDelegate.swift */; };
		1404DD231DE72B5C00942C81 /* ViewController.swift in Sources */ = {isa = PBXBuildFile; fileRef = 1404DD221DE72B5C00942C81 /* ViewController.swift */; };
		1404DD261DE72B5C00942C81 /* Main.storyboard in Resources */ = {isa = PBXBuildFile; fileRef = 1404DD241DE72B5C00942C81 /* Main.storyboard */; };
		1404DD281DE72B5C00942C81 /* Assets.xcassets in Resources */ = {isa = PBXBuildFile; fileRef = 1404DD271DE72B5C00942C81 /* Assets.xcassets */; };
		1404DD2B1DE72B5C00942C81 /* LaunchScreen.storyboard in Resources */ = {isa = PBXBuildFile; fileRef = 1404DD291DE72B5C00942C81 /* LaunchScreen.storyboard */; };
		1404DD331DE72C9600942C81 /* imageProcessingManager.swift in Sources */ = {isa = PBXBuildFile; fileRef = 1404DD321DE72C9600942C81 /* imageProcessingManager.swift */; };
		1433B513F9CEFCFF85B216BA /* Pods_CameraOCR.framework in Frameworks */ = {isa = PBXBuildFile; fileRef = 4167B5C3879A62621F045A0C /* Pods_CameraOCR.framework */; };
		1452D90E1DE73D6A0028B794 /* tessdata in Resources */ = {isa = PBXBuildFile; fileRef = 1452D90D1DE73D6A0028B794 /* tessdata */; };
/* End PBXBuildFile section */

/* Begin PBXFileReference section */
		1404DD1D1DE72B5C00942C81 /* CameraOCR.app */ = {isa = PBXFileReference; explicitFileType = wrapper.application; includeInIndex = 0; path = CameraOCR.app; sourceTree = BUILT_PRODUCTS_DIR; };
		1404DD201DE72B5C00942C81 /* AppDelegate.swift */ = {isa = PBXFileReference; lastKnownFileType = sourcecode.swift; path = AppDelegate.swift; sourceTree = "<group>"; };
		1404DD221DE72B5C00942C81 /* ViewController.swift */ = {isa = PBXFileReference; lastKnownFileType = sourcecode.swift; path = ViewController.swift; sourceTree = "<group>"; };
		1404DD251DE72B5C00942C81 /* Base */ = {isa = PBXFileReference; lastKnownFileType = file.storyboard; name = Base; path = Base.lproj/Main.storyboard; sourceTree = "<group>"; };
		1404DD271DE72B5C00942C81 /* Assets.xcassets */ = {isa = PBXFileReference; lastKnownFileType = folder.assetcatalog; path = Assets.xcassets; sourceTree = "<group>"; };
		1404DD2A1DE72B5C00942C81 /* Base */ = {isa = PBXFileReference; lastKnownFileType = file.storyboard; name = Base; path = Base.lproj/LaunchScreen.storyboard; sourceTree = "<group>"; };
		1404DD2C1DE72B5C00942C81 /* Info.plist */ = {isa = PBXFileReference; lastKnownFileType = text.plist.xml; path = Info.plist; sourceTree = "<group>"; };
		1404DD321DE72C9600942C81 /* imageProcessingManager.swift */ = {isa = PBXFileReference; fileEncoding = 4; lastKnownFileType = sourcecode.swift; name = imageProcessingManager.swift; path = ../../../../Desktop/AVFoundationSample/AVFoundationSample/imageProcessingManager.swift; sourceTree = "<group>"; };
		1452D90D1DE73D6A0028B794 /* tessdata */ = {isa = PBXFileReference; lastKnownFileType = folder; path = tessdata; sourceTree = "<group>"; };
		4167B5C3879A62621F045A0C /* Pods_CameraOCR.framework */ = {isa = PBXFileReference; explicitFileType = wrapper.framework; includeInIndex = 0; path = Pods_CameraOCR.framework; sourceTree = BUILT_PRODUCTS_DIR; };
		B6407D5411F767DE66884E6E /* Pods-CameraOCR.debug.xcconfig */ = {isa = PBXFileReference; includeInIndex = 1; lastKnownFileType = text.xcconfig; name = "Pods-CameraOCR.debug.xcconfig"; path = "Pods/Target Support Files/Pods-CameraOCR/Pods-CameraOCR.debug.xcconfig"; sourceTree = "<group>"; };
		D9A74324914FEDB3C2545C8E /* Pods-CameraOCR.release.xcconfig */ = {isa = PBXFileReference; includeInIndex = 1; lastKnownFileType = text.xcconfig; name = "Pods-CameraOCR.release.xcconfig"; path = "Pods/Target Support Files/Pods-CameraOCR/Pods-CameraOCR.release.xcconfig"; sourceTree = "<group>"; };
/* End PBXFileReference section */

/* Begin PBXFrameworksBuildPhase section */
		1404DD1A1DE72B5C00942C81 /* Frameworks */ = {
			isa = PBXFrameworksBuildPhase;
			buildActionMask = 2147483647;
			files = (
				1433B513F9CEFCFF85B216BA /* Pods_CameraOCR.framework in Frameworks */,
			);
			runOnlyForDeploymentPostprocessing = 0;
		};
/* End PBXFrameworksBuildPhase section */

/* Begin PBXGroup section */
		1404DD141DE72B5C00942C81 = {
			isa = PBXGroup;
			children = (
				1404DD1F1DE72B5C00942C81 /* CameraOCR */,
				1404DD1E1DE72B5C00942C81 /* Products */,
				8038B3EDB0182AACC15DB637 /* Pods */,
				9AC867A3B607754AC99A375A /* Frameworks */,
			);
			sourceTree = "<group>";
		};
		1404DD1E1DE72B5C00942C81 /* Products */ = {
			isa = PBXGroup;
			children = (
				1404DD1D1DE72B5C00942C81 /* CameraOCR.app */,
			);
			name = Products;
			sourceTree = "<group>";
		};
		1404DD1F1DE72B5C00942C81 /* CameraOCR */ = {
			isa = PBXGroup;
			children = (
				1452D90D1DE73D6A0028B794 /* tessdata */,
				1404DD321DE72C9600942C81 /* imageProcessingManager.swift */,
				1404DD201DE72B5C00942C81 /* AppDelegate.swift */,
				1404DD221DE72B5C00942C81 /* ViewController.swift */,
				1404DD241DE72B5C00942C81 /* Main.storyboard */,
				1404DD271DE72B5C00942C81 /* Assets.xcassets */,
				1404DD291DE72B5C00942C81 /* LaunchScreen.storyboard */,
				1404DD2C1DE72B5C00942C81 /* Info.plist */,
			);
			path = CameraOCR;
			sourceTree = "<group>";
		};
		8038B3EDB0182AACC15DB637 /* Pods */ = {
			isa = PBXGroup;
			children = (
				B6407D5411F767DE66884E6E /* Pods-CameraOCR.debug.xcconfig */,
				D9A74324914FEDB3C2545C8E /* Pods-CameraOCR.release.xcconfig */,
			);
			name = Pods;
			sourceTree = "<group>";
		};
		9AC867A3B607754AC99A375A /* Frameworks */ = {
			isa = PBXGroup;
			children = (
				4167B5C3879A62621F045A0C /* Pods_CameraOCR.framework */,
			);
			name = Frameworks;
			sourceTree = "<group>";
		};
/* End PBXGroup section */

/* Begin PBXNativeTarget section */
		1404DD1C1DE72B5C00942C81 /* CameraOCR */ = {
			isa = PBXNativeTarget;
			buildConfigurationList = 1404DD2F1DE72B5C00942C81 /* Build configuration list for PBXNativeTarget "CameraOCR" */;
			buildPhases = (
				763BF033A8B4B1A32019FD1C /* [CP] Check Pods Manifest.lock */,
				1404DD191DE72B5C00942C81 /* Sources */,
				1404DD1A1DE72B5C00942C81 /* Frameworks */,
				1404DD1B1DE72B5C00942C81 /* Resources */,
				954C92BFEFB91D8ADD59B7D6 /* [CP] Embed Pods Frameworks */,
				6137732B02BB5A3B71EFC489 /* [CP] Copy Pods Resources */,
			);
			buildRules = (
			);
			dependencies = (
			);
			name = CameraOCR;
			productName = CameraOCR;
			productReference = 1404DD1D1DE72B5C00942C81 /* CameraOCR.app */;
			productType = "com.apple.product-type.application";
		};
/* End PBXNativeTarget section */

/* Begin PBXProject section */
		1404DD151DE72B5C00942C81 /* Project object */ = {
			isa = PBXProject;
			attributes = {
				LastSwiftUpdateCheck = 0810;
				LastUpgradeCheck = 0810;
				ORGANIZATIONNAME = "Katsutoshi Kuroya";
				TargetAttributes = {
					1404DD1C1DE72B5C00942C81 = {
						CreatedOnToolsVersion = 8.1;
						DevelopmentTeam = R9L5KX33Q9;
						ProvisioningStyle = Automatic;
					};
				};
			};
			buildConfigurationList = 1404DD181DE72B5C00942C81 /* Build configuration list for PBXProject "CameraOCR" */;
			compatibilityVersion = "Xcode 3.2";
			developmentRegion = English;
			hasScannedForEncodings = 0;
			knownRegions = (
				en,
				Base,
			);
			mainGroup = 1404DD141DE72B5C00942C81;
			productRefGroup = 1404DD1E1DE72B5C00942C81 /* Products */;
			projectDirPath = "";
			projectRoot = "";
			targets = (
				1404DD1C1DE72B5C00942C81 /* CameraOCR */,
			);
		};
/* End PBXProject section */

/* Begin PBXResourcesBuildPhase section */
		1404DD1B1DE72B5C00942C81 /* Resources */ = {
			isa = PBXResourcesBuildPhase;
			buildActionMask = 2147483647;
			files = (
				1404DD2B1DE72B5C00942C81 /* LaunchScreen.storyboard in Resources */,
				1452D90E1DE73D6A0028B794 /* tessdata in Resources */,
				1404DD281DE72B5C00942C81 /* Assets.xcassets in Resources */,
				1404DD261DE72B5C00942C81 /* Main.storyboard in Resources */,
			);
			runOnlyForDeploymentPostprocessing = 0;
		};
/* End PBXResourcesBuildPhase section */

/* Begin PBXShellScriptBuildPhase section */
		6137732B02BB5A3B71EFC489 /* [CP] Copy Pods Resources */ = {
			isa = PBXShellScriptBuildPhase;
			buildActionMask = 2147483647;
			files = (
			);
			inputPaths = (
			);
			name = "[CP] Copy Pods Resources";
			outputPaths = (
			);
			runOnlyForDeploymentPostprocessing = 0;
			shellPath = /bin/sh;
			shellScript = "\"${SRCROOT}/Pods/Target Support Files/Pods-CameraOCR/Pods-CameraOCR-resources.sh\"\n";
			showEnvVarsInLog = 0;
		};
		763BF033A8B4B1A32019FD1C /* [CP] Check Pods Manifest.lock */ = {
			isa = PBXShellScriptBuildPhase;
			buildActionMask = 2147483647;
			files = (
			);
			inputPaths = (
			);
			name = "[CP] Check Pods Manifest.lock";
			outputPaths = (
			);
			runOnlyForDeploymentPostprocessing = 0;
			shellPath = /bin/sh;
			shellScript = "diff \"${PODS_ROOT}/../Podfile.lock\" \"${PODS_ROOT}/Manifest.lock\" > /dev/null\nif [ $? != 0 ] ; then\n    # print error to STDERR\n    echo \"error: The sandbox is not in sync with the Podfile.lock. Run 'pod install' or update your CocoaPods installation.\" >&2\n    exit 1\nfi\n";
			showEnvVarsInLog = 0;
		};
		954C92BFEFB91D8ADD59B7D6 /* [CP] Embed Pods Frameworks */ = {
			isa = PBXShellScriptBuildPhase;
			buildActionMask = 2147483647;
			files = (
			);
			inputPaths = (
			);
			name = "[CP] Embed Pods Frameworks";
			outputPaths = (
			);
			runOnlyForDeploymentPostprocessing = 0;
			shellPath = /bin/sh;
			shellScript = "\"${SRCROOT}/Pods/Target Support Files/Pods-CameraOCR/Pods-CameraOCR-frameworks.sh\"\n";
			showEnvVarsInLog = 0;
		};
/* End PBXShellScriptBuildPhase section */

/* Begin PBXSourcesBuildPhase section */
		1404DD191DE72B5C00942C81 /* Sources */ = {
			isa = PBXSourcesBuildPhase;
			buildActionMask = 2147483647;
			files = (
				1404DD231DE72B5C00942C81 /* ViewController.swift in Sources */,
				1404DD331DE72C9600942C81 /* imageProcessingManager.swift in Sources */,
				1404DD211DE72B5C00942C81 /* AppDelegate.swift in Sources */,
			);
			runOnlyForDeploymentPostprocessing = 0;
		};
/* End PBXSourcesBuildPhase section */

/* Begin PBXVariantGroup section */
		1404DD241DE72B5C00942C81 /* Main.storyboard */ = {
			isa = PBXVariantGroup;
			children = (
				1404DD251DE72B5C00942C81 /* Base */,
			);
			name = Main.storyboard;
			sourceTree = "<group>";
		};
		1404DD291DE72B5C00942C81 /* LaunchScreen.storyboard */ = {
			isa = PBXVariantGroup;
			children = (
				1404DD2A1DE72B5C00942C81 /* Base */,
			);
			name = LaunchScreen.storyboard;
			sourceTree = "<group>";
		};
/* End PBXVariantGroup section */

/* Begin XCBuildConfiguration section */
		1404DD2D1DE72B5C00942C81 /* Debug */ = {
			isa = XCBuildConfiguration;
			buildSettings = {
				ALWAYS_SEARCH_USER_PATHS = NO;
				CLANG_ANALYZER_NONNULL = YES;
				CLANG_CXX_LANGUAGE_STANDARD = "gnu++0x";
				CLANG_CXX_LIBRARY = "libc++";
				CLANG_ENABLE_MODULES = YES;
				CLANG_ENABLE_OBJC_ARC = YES;
				CLANG_WARN_BOOL_CONVERSION = YES;
				CLANG_WARN_CONSTANT_CONVERSION = YES;
				CLANG_WARN_DIRECT_OBJC_ISA_USAGE = YES_ERROR;
				CLANG_WARN_DOCUMENTATION_COMMENTS = YES;
				CLANG_WARN_EMPTY_BODY = YES;
				CLANG_WARN_ENUM_CONVERSION = YES;
				CLANG_WARN_INFINITE_RECURSION = YES;
				CLANG_WARN_INT_CONVERSION = YES;
				CLANG_WARN_OBJC_ROOT_CLASS = YES_ERROR;
				CLANG_WARN_SUSPICIOUS_MOVE = YES;
				CLANG_WARN_SUSPICIOUS_MOVES = YES;
				CLANG_WARN_UNREACHABLE_CODE = YES;
				CLANG_WARN__DUPLICATE_METHOD_MATCH = YES;
				"CODE_SIGN_IDENTITY[sdk=iphoneos*]" = "iPhone Developer";
				COPY_PHASE_STRIP = NO;
				DEBUG_INFORMATION_FORMAT = dwarf;
				ENABLE_STRICT_OBJC_MSGSEND = YES;
				ENABLE_TESTABILITY = YES;
				GCC_C_LANGUAGE_STANDARD = gnu99;
				GCC_DYNAMIC_NO_PIC = NO;
				GCC_NO_COMMON_BLOCKS = YES;
				GCC_OPTIMIZATION_LEVEL = 0;
				GCC_PREPROCESSOR_DEFINITIONS = (
					"DEBUG=1",
					"$(inherited)",
				);
				GCC_WARN_64_TO_32_BIT_CONVERSION = YES;
				GCC_WARN_ABOUT_RETURN_TYPE = YES_ERROR;
				GCC_WARN_UNDECLARED_SELECTOR = YES;
				GCC_WARN_UNINITIALIZED_AUTOS = YES_AGGRESSIVE;
				GCC_WARN_UNUSED_FUNCTION = YES;
				GCC_WARN_UNUSED_VARIABLE = YES;
				IPHONEOS_DEPLOYMENT_TARGET = 10.1;
				MTL_ENABLE_DEBUG_INFO = YES;
				ONLY_ACTIVE_ARCH = YES;
				SDKROOT = iphoneos;
				SWIFT_ACTIVE_COMPILATION_CONDITIONS = DEBUG;
				SWIFT_OPTIMIZATION_LEVEL = "-Onone";
				TARGETED_DEVICE_FAMILY = "1,2";
			};
			name = Debug;
		};
		1404DD2E1DE72B5C00942C81 /* Release */ = {
			isa = XCBuildConfiguration;
			buildSettings = {
				ALWAYS_SEARCH_USER_PATHS = NO;
				CLANG_ANALYZER_NONNULL = YES;
				CLANG_CXX_LANGUAGE_STANDARD = "gnu++0x";
				CLANG_CXX_LIBRARY = "libc++";
				CLANG_ENABLE_MODULES = YES;
				CLANG_ENABLE_OBJC_ARC = YES;
				CLANG_WARN_BOOL_CONVERSION = YES;
				CLANG_WARN_CONSTANT_CONVERSION = YES;
				CLANG_WARN_DIRECT_OBJC_ISA_USAGE = YES_ERROR;
				CLANG_WARN_DOCUMENTATION_COMMENTS = YES;
				CLANG_WARN_EMPTY_BODY = YES;
				CLANG_WARN_ENUM_CONVERSION = YES;
				CLANG_WARN_INFINITE_RECURSION = YES;
				CLANG_WARN_INT_CONVERSION = YES;
				CLANG_WARN_OBJC_ROOT_CLASS = YES_ERROR;
				CLANG_WARN_SUSPICIOUS_MOVE = YES;
				CLANG_WARN_SUSPICIOUS_MOVES = YES;
				CLANG_WARN_UNREACHABLE_CODE = YES;
				CLANG_WARN__DUPLICATE_METHOD_MATCH = YES;
				"CODE_SIGN_IDENTITY[sdk=iphoneos*]" = "iPhone Developer";
				COPY_PHASE_STRIP = NO;
				DEBUG_INFORMATION_FORMAT = "dwarf-with-dsym";
				ENABLE_NS_ASSERTIONS = NO;
				ENABLE_STRICT_OBJC_MSGSEND = YES;
				GCC_C_LANGUAGE_STANDARD = gnu99;
				GCC_NO_COMMON_BLOCKS = YES;
				GCC_WARN_64_TO_32_BIT_CONVERSION = YES;
				GCC_WARN_ABOUT_RETURN_TYPE = YES_ERROR;
				GCC_WARN_UNDECLARED_SELECTOR = YES;
				GCC_WARN_UNINITIALIZED_AUTOS = YES_AGGRESSIVE;
				GCC_WARN_UNUSED_FUNCTION = YES;
				GCC_WARN_UNUSED_VARIABLE = YES;
				IPHONEOS_DEPLOYMENT_TARGET = 10.1;
				MTL_ENABLE_DEBUG_INFO = NO;
				SDKROOT = iphoneos;
				SWIFT_OPTIMIZATION_LEVEL = "-Owholemodule";
				TARGETED_DEVICE_FAMILY = "1,2";
				VALIDATE_PRODUCT = YES;
			};
			name = Release;
		};
		1404DD301DE72B5C00942C81 /* Debug */ = {
			isa = XCBuildConfiguration;
			baseConfigurationReference = B6407D5411F767DE66884E6E /* Pods-CameraOCR.debug.xcconfig */;
			buildSettings = {
				ASSETCATALOG_COMPILER_APPICON_NAME = AppIcon;
				DEVELOPMENT_TEAM = R9L5KX33Q9;
				ENABLE_BITCODE = NO;
				INFOPLIST_FILE = CameraOCR/Info.plist;
				LD_RUNPATH_SEARCH_PATHS = "$(inherited) @executable_path/Frameworks";
				PRODUCT_BUNDLE_IDENTIFIER = com.kuroyan.CameraOCR;
				PRODUCT_NAME = "$(TARGET_NAME)";
				SWIFT_VERSION = 3.0;
			};
			name = Debug;
		};
		1404DD311DE72B5C00942C81 /* Release */ = {
			isa = XCBuildConfiguration;
			baseConfigurationReference = D9A74324914FEDB3C2545C8E /* Pods-CameraOCR.release.xcconfig */;
			buildSettings = {
				ASSETCATALOG_COMPILER_APPICON_NAME = AppIcon;
				DEVELOPMENT_TEAM = R9L5KX33Q9;
				ENABLE_BITCODE = NO;
				INFOPLIST_FILE = CameraOCR/Info.plist;
				LD_RUNPATH_SEARCH_PATHS = "$(inherited) @executable_path/Frameworks";
				PRODUCT_BUNDLE_IDENTIFIER = com.kuroyan.CameraOCR;
				PRODUCT_NAME = "$(TARGET_NAME)";
				SWIFT_VERSION = 3.0;
			};
			name = Release;
		};
/* End XCBuildConfiguration section */

/* Begin XCConfigurationList section */
		1404DD181DE72B5C00942C81 /* Build configuration list for PBXProject "CameraOCR" */ = {
			isa = XCConfigurationList;
			buildConfigurations = (
				1404DD2D1DE72B5C00942C81 /* Debug */,
				1404DD2E1DE72B5C00942C81 /* Release */,
			);
			defaultConfigurationIsVisible = 0;
			defaultConfigurationName = Release;
		};
		1404DD2F1DE72B5C00942C81 /* Build configuration list for PBXNativeTarget "CameraOCR" */ = {
			isa = XCConfigurationList;
			buildConfigurations = (
				1404DD301DE72B5C00942C81 /* Debug */,
				1404DD311DE72B5C00942C81 /* Release */,
			);
			defaultConfigurationIsVisible = 0;
			defaultConfigurationName = Release;
		};
/* End XCConfigurationList section */
	};
	rootObject = 1404DD151DE72B5C00942C81 /* Project object */;
}
